
Microsoft Visual Studio Solution File, Format Version 12.00
# Visual Studio Version 16
VisualStudioVersion = 16.0.31229.75
MinimumVisualStudioVersion = 10.0.40219.1
Project("{2150E333-8FDC-42A3-9474-1A3956D46DE8}") = "src", "src", "{F07BA595-7DB2-460A-A124-66B3C13AEE42}"
EndProject
Project("{9A19103F-16F7-4668-BE54-9A1E7A4F7556}") = "SMarketplace.API", "src\SMarketplace.API\SMarketplace.API.csproj", "{DB2657A5-B3D4-45F5-8150-ED3DDFEF3C76}"
EndProject
Project("{2150E333-8FDC-42A3-9474-1A3956D46DE8}") = "Infra", "Infra", "{FB73891F-E7E9-433A-906A-26A6DCBF0F4D}"
EndProject
Project("{9A19103F-16F7-4668-BE54-9A1E7A4F7556}") = "SMarketplace.Data", "src\SMarketplace.Data\SMarketplace.Data.csproj", "{D1598660-1D67-4A48-8E51-D7780856EC61}"
EndProject
Project("{2150E333-8FDC-42A3-9474-1A3956D46DE8}") = "Services", "Services", "{D8B5AD2D-A2E1-418D-B954-D817D8216687}"
EndProject
Project("{2150E333-8FDC-42A3-9474-1A3956D46DE8}") = "Domain", "Domain", "{F186A218-7504-487E-A9BE-3683EF57AD50}"
EndProject
Project("{9A19103F-16F7-4668-BE54-9A1E7A4F7556}") = "SMarketplace.Domain", "src\SMarketplace.Domain\SMarketplace.Domain.csproj", "{C08B9445-E205-469A-8A20-00EF3C0686B8}"
EndProject
Project("{2150E333-8FDC-42A3-9474-1A3956D46DE8}") = "Building Blocks", "Building Blocks", "{EBFEB1E6-A1DA-4F0C-960D-CDDA5BC1B882}"
EndProject
Project("{2150E333-8FDC-42A3-9474-1A3956D46DE8}") = "Core", "Core", "{B7FFD314-5076-4FB2-A671-B892D0A8AD38}"
EndProject
Project("{9A19103F-16F7-4668-BE54-9A1E7A4F7556}") = "SMarketplace.Core", "src\SMarketplace.Core\SMarketplace.Core.csproj", "{7EE5FDDB-744D-44A7-AC22-51679FBA2747}"
EndProject
Project("{2150E333-8FDC-42A3-9474-1A3956D46DE8}") = "Application", "Application", "{05064DDE-C282-4678-90BA-31A3EA7FE609}"
EndProject
Project("{9A19103F-16F7-4668-BE54-9A1E7A4F7556}") = "SMarketplace.Application", "src\SMarketplace.Application\SMarketplace.Application.csproj", "{C05C3AA1-9DFC-4ED3-9A17-F02597B4DA92}"
EndProject
Project("{2150E333-8FDC-42A3-9474-1A3956D46DE8}") = "Resources", "Resources", "{E23F4981-CC42-4AD6-8C6D-4A7D89425FD4}"
	ProjectSection(SolutionItems) = preProject
		Create_Database_table.sql = Create_Database_table.sql
	EndProjectSection
EndProject
Global
	GlobalSection(SolutionConfigurationPlatforms) = preSolution
		Debug|Any CPU = Debug|Any CPU
		Release|Any CPU = Release|Any CPU
	EndGlobalSection
	GlobalSection(ProjectConfigurationPlatforms) = postSolution
		{DB2657A5-B3D4-45F5-8150-ED3DDFEF3C76}.Debug|Any CPU.ActiveCfg = Debug|Any CPU
		{DB2657A5-B3D4-45F5-8150-ED3DDFEF3C76}.Debug|Any CPU.Build.0 = Debug|Any CPU
		{DB2657A5-B3D4-45F5-8150-ED3DDFEF3C76}.Release|Any CPU.ActiveCfg = Release|Any CPU
		{DB2657A5-B3D4-45F5-8150-ED3DDFEF3C76}.Release|Any CPU.Build.0 = Release|Any CPU
		{D1598660-1D67-4A48-8E51-D7780856EC61}.Debug|Any CPU.ActiveCfg = Debug|Any CPU
		{D1598660-1D67-4A48-8E51-D7780856EC61}.Debug|Any CPU.Build.0 = Debug|Any CPU
		{D1598660-1D67-4A48-8E51-D7780856EC61}.Release|Any CPU.ActiveCfg = Release|Any CPU
		{D1598660-1D67-4A48-8E51-D7780856EC61}.Release|Any CPU.Build.0 = Release|Any CPU
		{C08B9445-E205-469A-8A20-00EF3C0686B8}.Debug|Any CPU.ActiveCfg = Debug|Any CPU
		{C08B9445-E205-469A-8A20-00EF3C0686B8}.Debug|Any CPU.Build.0 = Debug|Any CPU
		{C08B9445-E205-469A-8A20-00EF3C0686B8}.Release|Any CPU.ActiveCfg = Release|Any CPU
		{C08B9445-E205-469A-8A20-00EF3C0686B8}.Release|Any CPU.Build.0 = Release|Any CPU
		{7EE5FDDB-744D-44A7-AC22-51679FBA2747}.Debug|Any CPU.ActiveCfg = Debug|Any CPU
		{7EE5FDDB-744D-44A7-AC22-51679FBA2747}.Debug|Any CPU.Build.0 = Debug|Any CPU
		{7EE5FDDB-744D-44A7-AC22-51679FBA2747}.Release|Any CPU.ActiveCfg = Release|Any CPU
		{7EE5FDDB-744D-44A7-AC22-51679FBA2747}.Release|Any CPU.Build.0 = Release|Any CPU
		{C05C3AA1-9DFC-4ED3-9A17-F02597B4DA92}.Debug|Any CPU.ActiveCfg = Debug|Any CPU
		{C05C3AA1-9DFC-4ED3-9A17-F02597B4DA92}.Debug|Any CPU.Build.0 = Debug|Any CPU
		{C05C3AA1-9DFC-4ED3-9A17-F02597B4DA92}.Release|Any CPU.ActiveCfg = Release|Any CPU
		{C05C3AA1-9DFC-4ED3-9A17-F02597B4DA92}.Release|Any CPU.Build.0 = Release|Any CPU
	EndGlobalSection
	GlobalSection(SolutionProperties) = preSolution
		HideSolutionNode = FALSE
	EndGlobalSection
	GlobalSection(NestedProjects) = preSolution
		{DB2657A5-B3D4-45F5-8150-ED3DDFEF3C76} = {D8B5AD2D-A2E1-418D-B954-D817D8216687}
		{FB73891F-E7E9-433A-906A-26A6DCBF0F4D} = {F07BA595-7DB2-460A-A124-66B3C13AEE42}
		{D1598660-1D67-4A48-8E51-D7780856EC61} = {FB73891F-E7E9-433A-906A-26A6DCBF0F4D}
		{D8B5AD2D-A2E1-418D-B954-D817D8216687} = {F07BA595-7DB2-460A-A124-66B3C13AEE42}
		{F186A218-7504-487E-A9BE-3683EF57AD50} = {F07BA595-7DB2-460A-A124-66B3C13AEE42}
		{C08B9445-E205-469A-8A20-00EF3C0686B8} = {F186A218-7504-487E-A9BE-3683EF57AD50}
		{EBFEB1E6-A1DA-4F0C-960D-CDDA5BC1B882} = {F07BA595-7DB2-460A-A124-66B3C13AEE42}
		{B7FFD314-5076-4FB2-A671-B892D0A8AD38} = {EBFEB1E6-A1DA-4F0C-960D-CDDA5BC1B882}
		{7EE5FDDB-744D-44A7-AC22-51679FBA2747} = {B7FFD314-5076-4FB2-A671-B892D0A8AD38}
		{05064DDE-C282-4678-90BA-31A3EA7FE609} = {F07BA595-7DB2-460A-A124-66B3C13AEE42}
		{C05C3AA1-9DFC-4ED3-9A17-F02597B4DA92} = {05064DDE-C282-4678-90BA-31A3EA7FE609}
		{E23F4981-CC42-4AD6-8C6D-4A7D89425FD4} = {F07BA595-7DB2-460A-A124-66B3C13AEE42}
	EndGlobalSection
	GlobalSection(ExtensibilityGlobals) = postSolution
		SolutionGuid = {BB4A531C-6ACD-4522-97D4-E5C855644266}
	EndGlobalSection
EndGlobal
